# This file is automatically @generated by Cargo.
# It is not intended for manual editing.
version = 3

[[package]]
name = "deranged"
version = "0.3.11"
source = "registry+https://github.com/rust-lang/crates.io-index"
checksum = "b42b6fa04a440b495c8b04d0e71b707c585f83cb9cb28cf8cd0d976c315e31b4"
dependencies = [
 "powerfmt",
]

[[package]]
name = "libc"
version = "0.2.151"
source = "registry+https://github.com/rust-lang/crates.io-index"
checksum = "302d7ab3130588088d277783b1e2d2e10c9e9e4a16dd9050e6ec93fb3e7048f4"

[[package]]
name = "powerfmt"
version = "0.2.0"
source = "registry+https://github.com/rust-lang/crates.io-index"
checksum = "439ee305def115ba05938db6eb1644ff94165c5ab5e9420d1c1bcedbba909391"

[[package]]
name = "proc-macro2"
version = "1.0.73"
source = "registry+https://github.com/rust-lang/crates.io-index"
checksum = "2dd5e8a1f1029c43224ad5898e50140c2aebb1705f19e67c918ebf5b9e797fe1"
dependencies = [
 "unicode-ident",
]

[[package]]
name = "pyxirr-core"
version = "0.0.0"
dependencies = [
 "time",
]

[[package]]
name = "quote"
version = "1.0.34"
source = "registry+https://github.com/rust-lang/crates.io-index"
checksum = "22a37c9326af5ed140c86a46655b5278de879853be5573c01df185b6f49a580a"
dependencies = [
 "proc-macro2",
]

[[package]]
name = "serde"
version = "1.0.193"
source = "registry+https://github.com/rust-lang/crates.io-index"
checksum = "25dd9975e68d0cb5aa1120c288333fc98731bd1dd12f561e468ea4728c042b89"
dependencies = [
 "serde_derive",
]

[[package]]
name = "serde_derive"
version = "1.0.193"
source = "registry+https://github.com/rust-lang/crates.io-index"
checksum = "43576ca501357b9b071ac53cdc7da8ef0cbd9493d8df094cd821777ea6e894d3"
dependencies = [
 "proc-macro2",
 "quote",
 "syn",
]

[[package]]
name = "syn"
version = "2.0.45"
source = "registry+https://github.com/rust-lang/crates.io-index"
checksum = "0eae3c679c56dc214320b67a1bc04ef3dfbd6411f6443974b5e4893231298e66"
dependencies = [
 "proc-macro2",
 "quote",
 "unicode-ident",
]

[[package]]
name = "time"
version = "0.3.31"
source = "registry+https://github.com/rust-lang/crates.io-index"
checksum = "f657ba42c3f86e7680e53c8cd3af8abbe56b5491790b46e22e19c0d57463583e"
dependencies = [
 "deranged",
 "powerfmt",
 "serde",
 "time-core",
 "time-macros",
]

[[package]]
name = "time-core"
version = "0.1.2"
source = "registry+https://github.com/rust-lang/crates.io-index"
checksum = "ef927ca75afb808a4d64dd374f00a2adf8d0fcff8e7b184af886c3c87ec4a3f3"

[[package]]
name = "time-macros"
version = "0.2.16"
source = "registry+https://github.com/rust-lang/crates.io-index"
checksum = "26197e33420244aeb70c3e8c78376ca46571bc4e701e4791c2cd9f57dcb3a43f"
dependencies = [
 "time-core",
]

[[package]]
name = "unicode-ident"
version = "1.0.12"
source = "registry+https://github.com/rust-lang/crates.io-index"
checksum = "3354b9ac3fae1ff6755cb6db53683adb661634f67557942dea4facebec0fee4b"

[[package]]
name = "xirr-capi"
version = "0.0.0"
dependencies = [
 "libc",
 "pyxirr-core",
]
